
Microsoft Visual Studio Solution File, Format Version 12.00
# Visual Studio Version 17
VisualStudioVersion = 17.5.002.0
MinimumVisualStudioVersion = 10.0.40219.1
Project("{9A19103F-16F7-4668-BE54-9A1E7A4F7556}") = "PaymentAPI", "PaymentAPI.csproj", "{17520629-4DBB-40CB-A30D-6C014BF78724}"
EndProject
Global
	GlobalSection(SolutionConfigurationPlatforms) = preSolution
		Debug|Any CPU = Debug|Any CPU
		Release|Any CPU = Release|Any CPU
	EndGlobalSection
	GlobalSection(ProjectConfigurationPlatforms) = postSolution
		{17520629-4DBB-40CB-A30D-6C014BF78724}.Debug|Any CPU.ActiveCfg = Debug|Any CPU
		{17520629-4DBB-40CB-A30D-6C014BF78724}.Debug|Any CPU.Build.0 = Debug|Any CPU
		{17520629-4DBB-40CB-A30D-6C014BF78724}.Release|Any CPU.ActiveCfg = Release|Any CPU
		{17520629-4DBB-40CB-A30D-6C014BF78724}.Release|Any CPU.Build.0 = Release|Any CPU
	EndGlobalSection
	GlobalSection(SolutionProperties) = preSolution
		HideSolutionNode = FALSE
	EndGlobalSection
	GlobalSection(ExtensibilityGlobals) = postSolution
		SolutionGuid = {F81F6BDA-261D-487F-951C-78D5DC803DC1}
	EndGlobalSection
EndGlobal
